Microsoft Visual Studio Solution File, Format Version 12.00
# Visual Studio Version 17
VisualStudioVersion = 17.13.35931.197
MinimumVisualStudioVersion = 10.0.40219.1
Project("{FAE04EC0-301F-11D3-BF4B-00C04F79EFBC}") = "EntityExtractor.Web", "EntityExtractor.Web\EntityExtractor.Web.csproj", "{8F6AF115-E870-4BDA-A358-F7B2982F3E67}"
EndProject
Project("{FAE04EC0-301F-11D3-BF4B-00C04F79EFBC}") = "EntityExtractor.Contracts", "EntityExtractor.Contracts\EntityExtractor.Contracts.csproj", "{AA8D5DA0-5D54-42E9-B107-60426922544F}"
EndProject
Project("{FAE04EC0-301F-11D3-BF4B-00C04F79EFBC}") = "EntityExtractor.Domain", "EntityExtractor.Domain\EntityExtractor.Domain.csproj", "{DE7E7222-BCC6-4910-91BF-610866D559C4}"
EndProject
Project("{2150E333-8FDC-42A3-9474-1A3956D46DE8}") = "Solution Items", "Solution Items", "{02EA681E-C7D8-13C7-8484-4AC65E1B71E8}"
	ProjectSection(SolutionItems) = preProject
		.editorconfig = .editorconfig
	EndProjectSection
EndProject
Project("{FAE04EC0-301F-11D3-BF4B-00C04F79EFBC}") = "EntityExtractor.Test", "EntityExtractor.Test\EntityExtractor.Test.csproj", "{655DD9B1-F05A-431D-8362-C5A36FAD1F0E}"
EndProject
Project("{E53339B2-1760-4266-BCC7-CA923CBCF16C}") = "docker-compose", "docker-compose.dcproj", "{81DDED9D-158B-E303-5F62-77A2896D2A5A}"
EndProject
Global
	GlobalSection(SolutionConfigurationPlatforms) = preSolution
		Debug|Any CPU = Debug|Any CPU
		Release|Any CPU = Release|Any CPU
	EndGlobalSection
	GlobalSection(ProjectConfigurationPlatforms) = postSolution
		{8F6AF115-E870-4BDA-A358-F7B2982F3E67}.Debug|Any CPU.ActiveCfg = Debug|Any CPU
		{8F6AF115-E870-4BDA-A358-F7B2982F3E67}.Debug|Any CPU.Build.0 = Debug|Any CPU
		{8F6AF115-E870-4BDA-A358-F7B2982F3E67}.Release|Any CPU.ActiveCfg = Release|Any CPU
		{8F6AF115-E870-4BDA-A358-F7B2982F3E67}.Release|Any CPU.Build.0 = Release|Any CPU
		{AA8D5DA0-5D54-42E9-B107-60426922544F}.Debug|Any CPU.ActiveCfg = Debug|Any CPU
		{AA8D5DA0-5D54-42E9-B107-60426922544F}.Debug|Any CPU.Build.0 = Debug|Any CPU
		{AA8D5DA0-5D54-42E9-B107-60426922544F}.Release|Any CPU.ActiveCfg = Release|Any CPU
		{AA8D5DA0-5D54-42E9-B107-60426922544F}.Release|Any CPU.Build.0 = Release|Any CPU
		{DE7E7222-BCC6-4910-91BF-610866D559C4}.Debug|Any CPU.ActiveCfg = Debug|Any CPU
		{DE7E7222-BCC6-4910-91BF-610866D559C4}.Debug|Any CPU.Build.0 = Debug|Any CPU
		{DE7E7222-BCC6-4910-91BF-610866D559C4}.Release|Any CPU.ActiveCfg = Release|Any CPU
		{DE7E7222-BCC6-4910-91BF-610866D559C4}.Release|Any CPU.Build.0 = Release|Any CPU
		{655DD9B1-F05A-431D-8362-C5A36FAD1F0E}.Debug|Any CPU.ActiveCfg = Debug|Any CPU
		{655DD9B1-F05A-431D-8362-C5A36FAD1F0E}.Debug|Any CPU.Build.0 = Debug|Any CPU
		{655DD9B1-F05A-431D-8362-C5A36FAD1F0E}.Release|Any CPU.ActiveCfg = Release|Any CPU
		{655DD9B1-F05A-431D-8362-C5A36FAD1F0E}.Release|Any CPU.Build.0 = Release|Any CPU
		{81DDED9D-158B-E303-5F62-77A2896D2A5A}.Debug|Any CPU.ActiveCfg = Debug|Any CPU
		{81DDED9D-158B-E303-5F62-77A2896D2A5A}.Debug|Any CPU.Build.0 = Debug|Any CPU
		{81DDED9D-158B-E303-5F62-77A2896D2A5A}.Release|Any CPU.ActiveCfg = Release|Any CPU
		{81DDED9D-158B-E303-5F62-77A2896D2A5A}.Release|Any CPU.Build.0 = Release|Any CPU
	EndGlobalSection
	GlobalSection(SolutionProperties) = preSolution
		HideSolutionNode = FALSE
	EndGlobalSection
	GlobalSection(ExtensibilityGlobals) = postSolution
		SolutionGuid = {824FC0A8-3E76-4BCD-A170-3F2DF2016ACE}
	EndGlobalSection
EndGlobal
